
Microsoft Visual Studio Solution File, Format Version 12.00
# Visual Studio 15
VisualStudioVersion = 15.0.28307.1062
MinimumVisualStudioVersion = 10.0.40219.1
Project("{888888A0-9F3D-457C-B088-3A5042F75D52}") = "HangerCombinations", "HangerCombinations\HangerCombinations.pyproj", "{447566EE-2606-4978-8422-EBEE20705F16}"
EndProject
Global
	GlobalSection(SolutionConfigurationPlatforms) = preSolution
		Debug|Any CPU = Debug|Any CPU
		Release|Any CPU = Release|Any CPU
	EndGlobalSection
	GlobalSection(ProjectConfigurationPlatforms) = postSolution
		{447566EE-2606-4978-8422-EBEE20705F16}.Debug|Any CPU.ActiveCfg = Debug|Any CPU
		{447566EE-2606-4978-8422-EBEE20705F16}.Release|Any CPU.ActiveCfg = Release|Any CPU
	EndGlobalSection
	GlobalSection(SolutionProperties) = preSolution
		HideSolutionNode = FALSE
	EndGlobalSection
	GlobalSection(ExtensibilityGlobals) = postSolution
		SolutionGuid = {E38D5F1B-2081-4A7E-90B9-238F0441CBDB}
	EndGlobalSection
EndGlobal
